// !$*UTF8*$!
{
	archiveVersion = 1;
	classes = {
	};
	objectVersion = 46;
	objects = {

/* Begin PBXBuildFile section */
		CF6660F41D082A2D0016B31C /* main.c in Sources */ = {isa = PBXBuildFile; fileRef = CF6660F31D082A2D0016B31C /* main.c */; };
		CF6660FC1D082B0C0016B31C /* spreadsheet.c in Sources */ = {isa = PBXBuildFile; fileRef = CF6660FA1D082B0C0016B31C /* spreadsheet.c */; };
		CFF2876A1D090E2A0053F10D /* avltree.c in Sources */ = {isa = PBXBuildFile; fileRef = CFF287681D090E2A0053F10D /* avltree.c */; };
		CFF2876D1D0912200053F10D /* node.c in Sources */ = {isa = PBXBuildFile; fileRef = CFF2876B1D0912200053F10D /* node.c */; };
/* End PBXBuildFile section */

/* Begin PBXCopyFilesBuildPhase section */
		CF6660EE1D082A2D0016B31C /* CopyFiles */ = {
			isa = PBXCopyFilesBuildPhase;
			buildActionMask = 2147483647;
			dstPath = /usr/share/man/man1/;
			dstSubfolderSpec = 0;
			files = (
			);
			runOnlyForDeploymentPostprocessing = 1;
		};
/* End PBXCopyFilesBuildPhase section */

/* Begin PBXFileReference section */
		CF6660F01D082A2D0016B31C /* spreadsheet */ = {isa = PBXFileReference; explicitFileType = "compiled.mach-o.executable"; includeInIndex = 0; path = spreadsheet; sourceTree = BUILT_PRODUCTS_DIR; };
		CF6660F31D082A2D0016B31C /* main.c */ = {isa = PBXFileReference; lastKnownFileType = sourcecode.c.c; path = main.c; sourceTree = "<group>"; };
		CF6660FA1D082B0C0016B31C /* spreadsheet.c */ = {isa = PBXFileReference; fileEncoding = 4; lastKnownFileType = sourcecode.c.c; path = spreadsheet.c; sourceTree = "<group>"; };
		CF6660FB1D082B0C0016B31C /* spreadsheet.h */ = {isa = PBXFileReference; fileEncoding = 4; lastKnownFileType = sourcecode.c.h; path = spreadsheet.h; sourceTree = "<group>"; };
		CFF287681D090E2A0053F10D /* avltree.c */ = {isa = PBXFileReference; fileEncoding = 4; lastKnownFileType = sourcecode.c.c; name = avltree.c; path = ../avltree.c; sourceTree = "<group>"; };
		CFF287691D090E2A0053F10D /* avltree.h */ = {isa = PBXFileReference; fileEncoding = 4; lastKnownFileType = sourcecode.c.h; name = avltree.h; path = ../avltree.h; sourceTree = "<group>"; };
		CFF2876B1D0912200053F10D /* node.c */ = {isa = PBXFileReference; fileEncoding = 4; lastKnownFileType = sourcecode.c.c; name = node.c; path = ../node.c; sourceTree = "<group>"; };
		CFF2876C1D0912200053F10D /* node.h */ = {isa = PBXFileReference; fileEncoding = 4; lastKnownFileType = sourcecode.c.h; name = node.h; path = ../node.h; sourceTree = "<group>"; };
/* End PBXFileReference section */

/* Begin PBXFrameworksBuildPhase section */
		CF6660ED1D082A2D0016B31C /* Frameworks */ = {
			isa = PBXFrameworksBuildPhase;
			buildActionMask = 2147483647;
			files = (
			);
			runOnlyForDeploymentPostprocessing = 0;
		};
/* End PBXFrameworksBuildPhase section */

/* Begin PBXGroup section */
		CF6660E71D082A2D0016B31C = {
			isa = PBXGroup;
			children = (
				CF6660F21D082A2D0016B31C /* spreadsheet */,
				CF6660F11D082A2D0016B31C /* Products */,
			);
			sourceTree = "<group>";
		};
		CF6660F11D082A2D0016B31C /* Products */ = {
			isa = PBXGroup;
			children = (
				CF6660F01D082A2D0016B31C /* spreadsheet */,
			);
			name = Products;
			sourceTree = "<group>";
		};
		CF6660F21D082A2D0016B31C /* spreadsheet */ = {
			isa = PBXGroup;
			children = (
				CFF2876B1D0912200053F10D /* node.c */,
				CFF2876C1D0912200053F10D /* node.h */,
				CFF287681D090E2A0053F10D /* avltree.c */,
				CFF287691D090E2A0053F10D /* avltree.h */,
				CF6660F31D082A2D0016B31C /* main.c */,
				CF6660FA1D082B0C0016B31C /* spreadsheet.c */,
				CF6660FB1D082B0C0016B31C /* spreadsheet.h */,
			);
			path = spreadsheet;
			sourceTree = "<group>";
		};
/* End PBXGroup section */

/* Begin PBXNativeTarget section */
		CF6660EF1D082A2D0016B31C /* spreadsheet */ = {
			isa = PBXNativeTarget;
			buildConfigurationList = CF6660F71D082A2D0016B31C /* Build configuration list for PBXNativeTarget "spreadsheet" */;
			buildPhases = (
				CF6660EC1D082A2D0016B31C /* Sources */,
				CF6660ED1D082A2D0016B31C /* Frameworks */,
				CF6660EE1D082A2D0016B31C /* CopyFiles */,
			);
			buildRules = (
			);
			dependencies = (
			);
			name = spreadsheet;
			productName = spreadsheet;
			productReference = CF6660F01D082A2D0016B31C /* spreadsheet */;
			productType = "com.apple.product-type.tool";
		};
/* End PBXNativeTarget section */

/* Begin PBXProject section */
		CF6660E81D082A2D0016B31C /* Project object */ = {
			isa = PBXProject;
			attributes = {
				LastUpgradeCheck = 0730;
				ORGANIZATIONNAME = Throughwave;
				TargetAttributes = {
					CF6660EF1D082A2D0016B31C = {
						CreatedOnToolsVersion = 7.3.1;
					};
				};
			};
			buildConfigurationList = CF6660EB1D082A2D0016B31C /* Build configuration list for PBXProject "spreadsheet" */;
			compatibilityVersion = "Xcode 3.2";
			developmentRegion = English;
			hasScannedForEncodings = 0;
			knownRegions = (
				en,
			);
			mainGroup = CF6660E71D082A2D0016B31C;
			productRefGroup = CF6660F11D082A2D0016B31C /* Products */;
			projectDirPath = "";
			projectRoot = "";
			targets = (
				CF6660EF1D082A2D0016B31C /* spreadsheet */,
			);
		};
/* End PBXProject section */

/* Begin PBXSourcesBuildPhase section */
		CF6660EC1D082A2D0016B31C /* Sources */ = {
			isa = PBXSourcesBuildPhase;
			buildActionMask = 2147483647;
			files = (
				CF6660FC1D082B0C0016B31C /* spreadsheet.c in Sources */,
				CFF2876D1D0912200053F10D /* node.c in Sources */,
				CFF2876A1D090E2A0053F10D /* avltree.c in Sources */,
				CF6660F41D082A2D0016B31C /* main.c in Sources */,
			);
			runOnlyForDeploymentPostprocessing = 0;
		};
/* End PBXSourcesBuildPhase section */

/* Begin XCBuildConfiguration section */
		CF6660F51D082A2D0016B31C /* Debug */ = {
			isa = XCBuildConfiguration;
			buildSettings = {
				ALWAYS_SEARCH_USER_PATHS = NO;
				CLANG_ANALYZER_NONNULL = YES;
				CLANG_CXX_LANGUAGE_STANDARD = "gnu++0x";
				CLANG_CXX_LIBRARY = "libc++";
				CLANG_ENABLE_MODULES = YES;
				CLANG_ENABLE_OBJC_ARC = YES;
				CLANG_WARN_BOOL_CONVERSION = YES;
				CLANG_WARN_CONSTANT_CONVERSION = YES;
				CLANG_WARN_DIRECT_OBJC_ISA_USAGE = YES_ERROR;
				CLANG_WARN_EMPTY_BODY = YES;
				CLANG_WARN_ENUM_CONVERSION = YES;
				CLANG_WARN_INT_CONVERSION = YES;
				CLANG_WARN_OBJC_ROOT_CLASS = YES_ERROR;
				CLANG_WARN_UNREACHABLE_CODE = YES;
				CLANG_WARN__DUPLICATE_METHOD_MATCH = YES;
				CODE_SIGN_IDENTITY = "-";
				COPY_PHASE_STRIP = NO;
				DEBUG_INFORMATION_FORMAT = dwarf;
				ENABLE_STRICT_OBJC_MSGSEND = YES;
				ENABLE_TESTABILITY = YES;
				GCC_C_LANGUAGE_STANDARD = gnu99;
				GCC_DYNAMIC_NO_PIC = NO;
				GCC_NO_COMMON_BLOCKS = YES;
				GCC_OPTIMIZATION_LEVEL = 0;
				GCC_PREPROCESSOR_DEFINITIONS = (
					"DEBUG=1",
					"$(inherited)",
				);
				GCC_WARN_64_TO_32_BIT_CONVERSION = YES;
				GCC_WARN_ABOUT_RETURN_TYPE = YES_ERROR;
				GCC_WARN_UNDECLARED_SELECTOR = YES;
				GCC_WARN_UNINITIALIZED_AUTOS = YES_AGGRESSIVE;
				GCC_WARN_UNUSED_FUNCTION = YES;
				GCC_WARN_UNUSED_VARIABLE = YES;
				MACOSX_DEPLOYMENT_TARGET = 10.11;
				MTL_ENABLE_DEBUG_INFO = YES;
				ONLY_ACTIVE_ARCH = YES;
				SDKROOT = macosx;
			};
			name = Debug;
		};
		CF6660F61D082A2D0016B31C /* Release */ = {
			isa = XCBuildConfiguration;
			buildSettings = {
				ALWAYS_SEARCH_USER_PATHS = NO;
				CLANG_ANALYZER_NONNULL = YES;
				CLANG_CXX_LANGUAGE_STANDARD = "gnu++0x";
				CLANG_CXX_LIBRARY = "libc++";
				CLANG_ENABLE_MODULES = YES;
				CLANG_ENABLE_OBJC_ARC = YES;
				CLANG_WARN_BOOL_CONVERSION = YES;
				CLANG_WARN_CONSTANT_CONVERSION = YES;
				CLANG_WARN_DIRECT_OBJC_ISA_USAGE = YES_ERROR;
				CLANG_WARN_EMPTY_BODY = YES;
				CLANG_WARN_ENUM_CONVERSION = YES;
				CLANG_WARN_INT_CONVERSION = YES;
				CLANG_WARN_OBJC_ROOT_CLASS = YES_ERROR;
				CLANG_WARN_UNREACHABLE_CODE = YES;
				CLANG_WARN__DUPLICATE_METHOD_MATCH = YES;
				CODE_SIGN_IDENTITY = "-";
				COPY_PHASE_STRIP = NO;
				DEBUG_INFORMATION_FORMAT = "dwarf-with-dsym";
				ENABLE_NS_ASSERTIONS = NO;
				ENABLE_STRICT_OBJC_MSGSEND = YES;
				GCC_C_LANGUAGE_STANDARD = gnu99;
				GCC_NO_COMMON_BLOCKS = YES;
				GCC_WARN_64_TO_32_BIT_CONVERSION = YES;
				GCC_WARN_ABOUT_RETURN_TYPE = YES_ERROR;
				GCC_WARN_UNDECLARED_SELECTOR = YES;
				GCC_WARN_UNINITIALIZED_AUTOS = YES_AGGRESSIVE;
				GCC_WARN_UNUSED_FUNCTION = YES;
				GCC_WARN_UNUSED_VARIABLE = YES;
				MACOSX_DEPLOYMENT_TARGET = 10.11;
				MTL_ENABLE_DEBUG_INFO = NO;
				SDKROOT = macosx;
			};
			name = Release;
		};
		CF6660F81D082A2D0016B31C /* Debug */ = {
			isa = XCBuildConfiguration;
			buildSettings = {
				PRODUCT_NAME = "$(TARGET_NAME)";
			};
			name = Debug;
		};
		CF6660F91D082A2D0016B31C /* Release */ = {
			isa = XCBuildConfiguration;
			buildSettings = {
				PRODUCT_NAME = "$(TARGET_NAME)";
			};
			name = Release;
		};
/* End XCBuildConfiguration section */

/* Begin XCConfigurationList section */
		CF6660EB1D082A2D0016B31C /* Build configuration list for PBXProject "spreadsheet" */ = {
			isa = XCConfigurationList;
			buildConfigurations = (
				CF6660F51D082A2D0016B31C /* Debug */,
				CF6660F61D082A2D0016B31C /* Release */,
			);
			defaultConfigurationIsVisible = 0;
			defaultConfigurationName = Release;
		};
		CF6660F71D082A2D0016B31C /* Build configuration list for PBXNativeTarget "spreadsheet" */ = {
			isa = XCConfigurationList;
			buildConfigurations = (
				CF6660F81D082A2D0016B31C /* Debug */,
				CF6660F91D082A2D0016B31C /* Release */,
			);
			defaultConfigurationIsVisible = 0;
			defaultConfigurationName = Release;
		};
/* End XCConfigurationList section */
	};
	rootObject = CF6660E81D082A2D0016B31C /* Project object */;
}
